# This file is automatically @generated by Cargo.
# It is not intended for manual editing.
version = 4

[[package]]
name = "calculator-cli"
version = "0.1.0"
dependencies = [
 "calculator-core",
]

[[package]]
name = "calculator-core"
version = "0.1.0"

[[package]]
name = "calculator-wasi"
version = "0.1.0"
dependencies = [
 "calculator-core",
]

[[package]]
name = "calculator-wasm"
version = "0.1.0"
dependencies = [
 "calculator-core",
]

[[package]]
name = "xtask"
version = "0.1.0"
